
Microsoft Visual Studio Solution File, Format Version 12.00
# Visual Studio 14
VisualStudioVersion = 14.0.24720.0
MinimumVisualStudioVersion = 10.0.40219.1
Project("{FAE04EC0-301F-11D3-BF4B-00C04F79EFBC}") = "FakturaKladder", "FakturaKladder\FakturaKladder.csproj", "{280E6DBD-1C95-4FCB-A2EB-027E226BDF10}"
EndProject
Project("{FAE04EC0-301F-11D3-BF4B-00C04F79EFBC}") = "EconomicLib", "..\EconomicLib\EconomicLib\EconomicLib.csproj", "{71EF99A7-2C4B-4CB5-A824-A3799BE2D91C}"
EndProject
Global
	GlobalSection(SolutionConfigurationPlatforms) = preSolution
		Debug|Any CPU = Debug|Any CPU
		Release|Any CPU = Release|Any CPU
	EndGlobalSection
	GlobalSection(ProjectConfigurationPlatforms) = postSolution
		{280E6DBD-1C95-4FCB-A2EB-027E226BDF10}.Debug|Any CPU.ActiveCfg = Debug|Any CPU
		{280E6DBD-1C95-4FCB-A2EB-027E226BDF10}.Debug|Any CPU.Build.0 = Debug|Any CPU
		{280E6DBD-1C95-4FCB-A2EB-027E226BDF10}.Release|Any CPU.ActiveCfg = Release|Any CPU
		{280E6DBD-1C95-4FCB-A2EB-027E226BDF10}.Release|Any CPU.Build.0 = Release|Any CPU
		{71EF99A7-2C4B-4CB5-A824-A3799BE2D91C}.Debug|Any CPU.ActiveCfg = Debug|Any CPU
		{71EF99A7-2C4B-4CB5-A824-A3799BE2D91C}.Debug|Any CPU.Build.0 = Debug|Any CPU
		{71EF99A7-2C4B-4CB5-A824-A3799BE2D91C}.Release|Any CPU.ActiveCfg = Release|Any CPU
		{71EF99A7-2C4B-4CB5-A824-A3799BE2D91C}.Release|Any CPU.Build.0 = Release|Any CPU
	EndGlobalSection
	GlobalSection(SolutionProperties) = preSolution
		HideSolutionNode = FALSE
	EndGlobalSection
EndGlobal
